
Microsoft Visual Studio Solution File, Format Version 12.00
# Visual Studio Version 17
VisualStudioVersion = 17.0.31903.59
MinimumVisualStudioVersion = 10.0.40219.1
Project("{2150E333-8FDC-42A3-9474-1A3956D46DE8}") = "src", "src", "{84E492B6-1D70-4E8C-B362-94F4A5EC70A8}"
EndProject
Project("{FAE04EC0-301F-11D3-BF4B-00C04F79EFBC}") = "qMRI.Api", "src\qMRI.Api\qMRI.Api.csproj", "{63F3DA76-7DE0-49AA-8992-A927488EC600}"
EndProject
Project("{FAE04EC0-301F-11D3-BF4B-00C04F79EFBC}") = "qMRI.Application", "src\qMRI.Application\qMRI.Application.csproj", "{9651851F-C577-4028-AA65-8E996C1C2749}"
EndProject
Project("{FAE04EC0-301F-11D3-BF4B-00C04F79EFBC}") = "qMRI.Domain", "src\qMRI.Domain\qMRI.Domain.csproj", "{E81C5861-2C3E-4892-9A64-23FCC72AE293}"
EndProject
Project("{FAE04EC0-301F-11D3-BF4B-00C04F79EFBC}") = "qMRI.Infrastructure", "src\qMRI.Infrastructure\qMRI.Infrastructure.csproj", "{2F59536B-F249-4887-9827-C1512EEEAAC6}"
EndProject
Project("{FAE04EC0-301F-11D3-BF4B-00C04F79EFBC}") = "qMRI.Shared", "src\qMRI.Shared\qMRI.Shared.csproj", "{384C7F7C-115C-4463-ADAA-88FAA2DFE890}"
EndProject
Project("{2150E333-8FDC-42A3-9474-1A3956D46DE8}") = "tests", "tests", "{BEC56FA0-AA17-4432-93D1-4625C4FFA0B1}"
EndProject
Project("{FAE04EC0-301F-11D3-BF4B-00C04F79EFBC}") = "qMRI.UnitTests", "tests\qMRI.UnitTests\qMRI.UnitTests.csproj", "{D0BFD6D2-9894-4B7E-BA54-D31DE12E8720}"
EndProject
Project("{FAE04EC0-301F-11D3-BF4B-00C04F79EFBC}") = "qMRI.IntegrationTests", "tests\qMRI.IntegrationTests\qMRI.IntegrationTests.csproj", "{F2DCDBA0-69BE-4D97-8095-009B094F04B0}"
EndProject
Project("{FAE04EC0-301F-11D3-BF4B-00C04F79EFBC}") = "qMRI.ApiTests", "tests\qMRI.ApiTests\qMRI.ApiTests.csproj", "{29005463-0192-467B-80A5-CCCD22F3F2FF}"
EndProject
Global
	GlobalSection(SolutionConfigurationPlatforms) = preSolution
		Debug|Any CPU = Debug|Any CPU
		Release|Any CPU = Release|Any CPU
	EndGlobalSection
	GlobalSection(SolutionProperties) = preSolution
		HideSolutionNode = FALSE
	EndGlobalSection
	GlobalSection(ProjectConfigurationPlatforms) = postSolution
		{63F3DA76-7DE0-49AA-8992-A927488EC600}.Debug|Any CPU.ActiveCfg = Debug|Any CPU
		{63F3DA76-7DE0-49AA-8992-A927488EC600}.Debug|Any CPU.Build.0 = Debug|Any CPU
		{63F3DA76-7DE0-49AA-8992-A927488EC600}.Release|Any CPU.ActiveCfg = Release|Any CPU
		{63F3DA76-7DE0-49AA-8992-A927488EC600}.Release|Any CPU.Build.0 = Release|Any CPU
		{9651851F-C577-4028-AA65-8E996C1C2749}.Debug|Any CPU.ActiveCfg = Debug|Any CPU
		{9651851F-C577-4028-AA65-8E996C1C2749}.Debug|Any CPU.Build.0 = Debug|Any CPU
		{9651851F-C577-4028-AA65-8E996C1C2749}.Release|Any CPU.ActiveCfg = Release|Any CPU
		{9651851F-C577-4028-AA65-8E996C1C2749}.Release|Any CPU.Build.0 = Release|Any CPU
		{E81C5861-2C3E-4892-9A64-23FCC72AE293}.Debug|Any CPU.ActiveCfg = Debug|Any CPU
		{E81C5861-2C3E-4892-9A64-23FCC72AE293}.Debug|Any CPU.Build.0 = Debug|Any CPU
		{E81C5861-2C3E-4892-9A64-23FCC72AE293}.Release|Any CPU.ActiveCfg = Release|Any CPU
		{E81C5861-2C3E-4892-9A64-23FCC72AE293}.Release|Any CPU.Build.0 = Release|Any CPU
		{2F59536B-F249-4887-9827-C1512EEEAAC6}.Debug|Any CPU.ActiveCfg = Debug|Any CPU
		{2F59536B-F249-4887-9827-C1512EEEAAC6}.Debug|Any CPU.Build.0 = Debug|Any CPU
		{2F59536B-F249-4887-9827-C1512EEEAAC6}.Release|Any CPU.ActiveCfg = Release|Any CPU
		{2F59536B-F249-4887-9827-C1512EEEAAC6}.Release|Any CPU.Build.0 = Release|Any CPU
		{384C7F7C-115C-4463-ADAA-88FAA2DFE890}.Debug|Any CPU.ActiveCfg = Debug|Any CPU
		{384C7F7C-115C-4463-ADAA-88FAA2DFE890}.Debug|Any CPU.Build.0 = Debug|Any CPU
		{384C7F7C-115C-4463-ADAA-88FAA2DFE890}.Release|Any CPU.ActiveCfg = Release|Any CPU
		{384C7F7C-115C-4463-ADAA-88FAA2DFE890}.Release|Any CPU.Build.0 = Release|Any CPU
		{D0BFD6D2-9894-4B7E-BA54-D31DE12E8720}.Debug|Any CPU.ActiveCfg = Debug|Any CPU
		{D0BFD6D2-9894-4B7E-BA54-D31DE12E8720}.Debug|Any CPU.Build.0 = Debug|Any CPU
		{D0BFD6D2-9894-4B7E-BA54-D31DE12E8720}.Release|Any CPU.ActiveCfg = Release|Any CPU
		{D0BFD6D2-9894-4B7E-BA54-D31DE12E8720}.Release|Any CPU.Build.0 = Release|Any CPU
		{F2DCDBA0-69BE-4D97-8095-009B094F04B0}.Debug|Any CPU.ActiveCfg = Debug|Any CPU
		{F2DCDBA0-69BE-4D97-8095-009B094F04B0}.Debug|Any CPU.Build.0 = Debug|Any CPU
		{F2DCDBA0-69BE-4D97-8095-009B094F04B0}.Release|Any CPU.ActiveCfg = Release|Any CPU
		{F2DCDBA0-69BE-4D97-8095-009B094F04B0}.Release|Any CPU.Build.0 = Release|Any CPU
		{29005463-0192-467B-80A5-CCCD22F3F2FF}.Debug|Any CPU.ActiveCfg = Debug|Any CPU
		{29005463-0192-467B-80A5-CCCD22F3F2FF}.Debug|Any CPU.Build.0 = Debug|Any CPU
		{29005463-0192-467B-80A5-CCCD22F3F2FF}.Release|Any CPU.ActiveCfg = Release|Any CPU
		{29005463-0192-467B-80A5-CCCD22F3F2FF}.Release|Any CPU.Build.0 = Release|Any CPU
	EndGlobalSection
	GlobalSection(NestedProjects) = preSolution
		{63F3DA76-7DE0-49AA-8992-A927488EC600} = {84E492B6-1D70-4E8C-B362-94F4A5EC70A8}
		{9651851F-C577-4028-AA65-8E996C1C2749} = {84E492B6-1D70-4E8C-B362-94F4A5EC70A8}
		{E81C5861-2C3E-4892-9A64-23FCC72AE293} = {84E492B6-1D70-4E8C-B362-94F4A5EC70A8}
		{2F59536B-F249-4887-9827-C1512EEEAAC6} = {84E492B6-1D70-4E8C-B362-94F4A5EC70A8}
		{384C7F7C-115C-4463-ADAA-88FAA2DFE890} = {84E492B6-1D70-4E8C-B362-94F4A5EC70A8}
		{D0BFD6D2-9894-4B7E-BA54-D31DE12E8720} = {BEC56FA0-AA17-4432-93D1-4625C4FFA0B1}
		{F2DCDBA0-69BE-4D97-8095-009B094F04B0} = {BEC56FA0-AA17-4432-93D1-4625C4FFA0B1}
		{29005463-0192-467B-80A5-CCCD22F3F2FF} = {BEC56FA0-AA17-4432-93D1-4625C4FFA0B1}
	EndGlobalSection
EndGlobal
